
Microsoft Visual Studio Solution File, Format Version 12.00
# Visual Studio 2013
VisualStudioVersion = 12.0.30723.0
MinimumVisualStudioVersion = 10.0.40219.1
Project("{FAE04EC0-301F-11D3-BF4B-00C04F79EFBC}") = "ThreadChat", "ThreadChat\ThreadChat.csproj", "{850E0BF9-934B-4887-B05A-D86636786078}"
EndProject
Project("{FAE04EC0-301F-11D3-BF4B-00C04F79EFBC}") = "ThreadChatServer", "ThreadChatServer\ThreadChatServer.csproj", "{16AF8106-809A-4DB1-949A-8625A4816BA4}"
EndProject
Global
	GlobalSection(SolutionConfigurationPlatforms) = preSolution
		Debug|Any CPU = Debug|Any CPU
		Release|Any CPU = Release|Any CPU
	EndGlobalSection
	GlobalSection(ProjectConfigurationPlatforms) = postSolution
		{850E0BF9-934B-4887-B05A-D86636786078}.Debug|Any CPU.ActiveCfg = Debug|Any CPU
		{850E0BF9-934B-4887-B05A-D86636786078}.Debug|Any CPU.Build.0 = Debug|Any CPU
		{850E0BF9-934B-4887-B05A-D86636786078}.Release|Any CPU.ActiveCfg = Release|Any CPU
		{850E0BF9-934B-4887-B05A-D86636786078}.Release|Any CPU.Build.0 = Release|Any CPU
		{16AF8106-809A-4DB1-949A-8625A4816BA4}.Debug|Any CPU.ActiveCfg = Debug|Any CPU
		{16AF8106-809A-4DB1-949A-8625A4816BA4}.Debug|Any CPU.Build.0 = Debug|Any CPU
		{16AF8106-809A-4DB1-949A-8625A4816BA4}.Release|Any CPU.ActiveCfg = Release|Any CPU
		{16AF8106-809A-4DB1-949A-8625A4816BA4}.Release|Any CPU.Build.0 = Release|Any CPU
	EndGlobalSection
	GlobalSection(SolutionProperties) = preSolution
		HideSolutionNode = FALSE
	EndGlobalSection
EndGlobal
